
Microsoft Visual Studio Solution File, Format Version 12.00
# Visual Studio Version 17
VisualStudioVersion = 17.3.32811.315
MinimumVisualStudioVersion = 10.0.40219.1
Project("{FAE04EC0-301F-11D3-BF4B-00C04F79EFBC}") = "AllLive.UWP", "AllLive.UWP\AllLive.UWP.csproj", "{10694A88-BC36-4C31-9C1D-49B316320765}"
EndProject
Project("{9A19103F-16F7-4668-BE54-9A1E7A4F7556}") = "AllLive.Core", "AllLive.Core\AllLive.Core.csproj", "{B00DC113-7B3A-46C3-9661-EDA0DE11B882}"
EndProject
Project("{9A19103F-16F7-4668-BE54-9A1E7A4F7556}") = "AllLive.ConsoleApp", "AllLive.Console\AllLive.ConsoleApp.csproj", "{3B298253-83AC-4C40-9605-F1A0F220E2A3}"
EndProject
Project("{2150E333-8FDC-42A3-9474-1A3956D46DE8}") = "Solution Items", "Solution Items", "{1433AD20-68B7-4EA2-838F-EDA9B5BE3EC6}"
	ProjectSection(SolutionItems) = preProject
		README.md = README.md
		AllLive.UWP\version.json = AllLive.UWP\version.json
	EndProjectSection
EndProject
Project("{9A19103F-16F7-4668-BE54-9A1E7A4F7556}") = "AllLive.Avalonia", "AllLive.Avalonia\AllLive.Avalonia.csproj", "{EC14E456-F593-494F-B52C-6E1D532305B7}"
EndProject
Project("{FAE04EC0-301F-11D3-BF4B-00C04F79EFBC}") = "AllLive.DanmakuHelper", "AllLive.DanmakuHelper\AllLive.DanmakuHelper.csproj", "{5FE8E579-7418-4000-9776-B85BFBC728B5}"
EndProject
Global
	GlobalSection(SolutionConfigurationPlatforms) = preSolution
		Debug|Any CPU = Debug|Any CPU
		Debug|ARM = Debug|ARM
		Debug|ARM64 = Debug|ARM64
		Debug|x64 = Debug|x64
		Debug|x86 = Debug|x86
		Nuget_Release|Any CPU = Nuget_Release|Any CPU
		Nuget_Release|ARM = Nuget_Release|ARM
		Nuget_Release|ARM64 = Nuget_Release|ARM64
		Nuget_Release|x64 = Nuget_Release|x64
		Nuget_Release|x86 = Nuget_Release|x86
		Release|Any CPU = Release|Any CPU
		Release|ARM = Release|ARM
		Release|ARM64 = Release|ARM64
		Release|x64 = Release|x64
		Release|x86 = Release|x86
	EndGlobalSection
	GlobalSection(ProjectConfigurationPlatforms) = postSolution
		{10694A88-BC36-4C31-9C1D-49B316320765}.Debug|Any CPU.ActiveCfg = Debug|x86
		{10694A88-BC36-4C31-9C1D-49B316320765}.Debug|ARM.ActiveCfg = Debug|ARM
		{10694A88-BC36-4C31-9C1D-49B316320765}.Debug|ARM.Build.0 = Debug|ARM
		{10694A88-BC36-4C31-9C1D-49B316320765}.Debug|ARM.Deploy.0 = Debug|ARM
		{10694A88-BC36-4C31-9C1D-49B316320765}.Debug|ARM64.ActiveCfg = Debug|ARM64
		{10694A88-BC36-4C31-9C1D-49B316320765}.Debug|ARM64.Build.0 = Debug|ARM64
		{10694A88-BC36-4C31-9C1D-49B316320765}.Debug|ARM64.Deploy.0 = Debug|ARM64
		{10694A88-BC36-4C31-9C1D-49B316320765}.Debug|x64.ActiveCfg = Debug|x64
		{10694A88-BC36-4C31-9C1D-49B316320765}.Debug|x64.Build.0 = Debug|x64
		{10694A88-BC36-4C31-9C1D-49B316320765}.Debug|x64.Deploy.0 = Debug|x64
		{10694A88-BC36-4C31-9C1D-49B316320765}.Debug|x86.ActiveCfg = Debug|x86
		{10694A88-BC36-4C31-9C1D-49B316320765}.Debug|x86.Build.0 = Debug|x86
		{10694A88-BC36-4C31-9C1D-49B316320765}.Debug|x86.Deploy.0 = Debug|x86
		{10694A88-BC36-4C31-9C1D-49B316320765}.Nuget_Release|Any CPU.ActiveCfg = Release|x64
		{10694A88-BC36-4C31-9C1D-49B316320765}.Nuget_Release|Any CPU.Build.0 = Release|x64
		{10694A88-BC36-4C31-9C1D-49B316320765}.Nuget_Release|Any CPU.Deploy.0 = Release|x64
		{10694A88-BC36-4C31-9C1D-49B316320765}.Nuget_Release|ARM.ActiveCfg = Release|ARM
		{10694A88-BC36-4C31-9C1D-49B316320765}.Nuget_Release|ARM.Build.0 = Release|ARM
		{10694A88-BC36-4C31-9C1D-49B316320765}.Nuget_Release|ARM.Deploy.0 = Release|ARM
		{10694A88-BC36-4C31-9C1D-49B316320765}.Nuget_Release|ARM64.ActiveCfg = Release|ARM64
		{10694A88-BC36-4C31-9C1D-49B316320765}.Nuget_Release|ARM64.Build.0 = Release|ARM64
		{10694A88-BC36-4C31-9C1D-49B316320765}.Nuget_Release|ARM64.Deploy.0 = Release|ARM64
		{10694A88-BC36-4C31-9C1D-49B316320765}.Nuget_Release|x64.ActiveCfg = Release|x64
		{10694A88-BC36-4C31-9C1D-49B316320765}.Nuget_Release|x64.Build.0 = Release|x64
		{10694A88-BC36-4C31-9C1D-49B316320765}.Nuget_Release|x64.Deploy.0 = Release|x64
		{10694A88-BC36-4C31-9C1D-49B316320765}.Nuget_Release|x86.ActiveCfg = Release|x86
		{10694A88-BC36-4C31-9C1D-49B316320765}.Nuget_Release|x86.Build.0 = Release|x86
		{10694A88-BC36-4C31-9C1D-49B316320765}.Nuget_Release|x86.Deploy.0 = Release|x86
		{10694A88-BC36-4C31-9C1D-49B316320765}.Release|Any CPU.ActiveCfg = Release|x86
		{10694A88-BC36-4C31-9C1D-49B316320765}.Release|ARM.ActiveCfg = Release|ARM
		{10694A88-BC36-4C31-9C1D-49B316320765}.Release|ARM.Build.0 = Release|ARM
		{10694A88-BC36-4C31-9C1D-49B316320765}.Release|ARM.Deploy.0 = Release|ARM
		{10694A88-BC36-4C31-9C1D-49B316320765}.Release|ARM64.ActiveCfg = Release|ARM64
		{10694A88-BC36-4C31-9C1D-49B316320765}.Release|ARM64.Build.0 = Release|ARM64
		{10694A88-BC36-4C31-9C1D-49B316320765}.Release|ARM64.Deploy.0 = Release|ARM64
		{10694A88-BC36-4C31-9C1D-49B316320765}.Release|x64.ActiveCfg = Release|x64
		{10694A88-BC36-4C31-9C1D-49B316320765}.Release|x64.Build.0 = Release|x64
		{10694A88-BC36-4C31-9C1D-49B316320765}.Release|x64.Deploy.0 = Release|x64
		{10694A88-BC36-4C31-9C1D-49B316320765}.Release|x86.ActiveCfg = Release|x86
		{10694A88-BC36-4C31-9C1D-49B316320765}.Release|x86.Build.0 = Release|x86
		{10694A88-BC36-4C31-9C1D-49B316320765}.Release|x86.Deploy.0 = Release|x86
		{B00DC113-7B3A-46C3-9661-EDA0DE11B882}.Debug|Any CPU.ActiveCfg = Debug|Any CPU
		{B00DC113-7B3A-46C3-9661-EDA0DE11B882}.Debug|Any CPU.Build.0 = Debug|Any CPU
		{B00DC113-7B3A-46C3-9661-EDA0DE11B882}.Debug|ARM.ActiveCfg = Debug|Any CPU
		{B00DC113-7B3A-46C3-9661-EDA0DE11B882}.Debug|ARM.Build.0 = Debug|Any CPU
		{B00DC113-7B3A-46C3-9661-EDA0DE11B882}.Debug|ARM64.ActiveCfg = Debug|Any CPU
		{B00DC113-7B3A-46C3-9661-EDA0DE11B882}.Debug|ARM64.Build.0 = Debug|Any CPU
		{B00DC113-7B3A-46C3-9661-EDA0DE11B882}.Debug|x64.ActiveCfg = Debug|Any CPU
		{B00DC113-7B3A-46C3-9661-EDA0DE11B882}.Debug|x64.Build.0 = Debug|Any CPU
		{B00DC113-7B3A-46C3-9661-EDA0DE11B882}.Debug|x86.ActiveCfg = Debug|Any CPU
		{B00DC113-7B3A-46C3-9661-EDA0DE11B882}.Debug|x86.Build.0 = Debug|Any CPU
		{B00DC113-7B3A-46C3-9661-EDA0DE11B882}.Nuget_Release|Any CPU.ActiveCfg = Release|Any CPU
		{B00DC113-7B3A-46C3-9661-EDA0DE11B882}.Nuget_Release|Any CPU.Build.0 = Release|Any CPU
		{B00DC113-7B3A-46C3-9661-EDA0DE11B882}.Nuget_Release|ARM.ActiveCfg = Release|Any CPU
		{B00DC113-7B3A-46C3-9661-EDA0DE11B882}.Nuget_Release|ARM.Build.0 = Release|Any CPU
		{B00DC113-7B3A-46C3-9661-EDA0DE11B882}.Nuget_Release|ARM64.ActiveCfg = Release|Any CPU
		{B00DC113-7B3A-46C3-9661-EDA0DE11B882}.Nuget_Release|ARM64.Build.0 = Release|Any CPU
		{B00DC113-7B3A-46C3-9661-EDA0DE11B882}.Nuget_Release|x64.ActiveCfg = Release|Any CPU
		{B00DC113-7B3A-46C3-9661-EDA0DE11B882}.Nuget_Release|x64.Build.0 = Release|Any CPU
		{B00DC113-7B3A-46C3-9661-EDA0DE11B882}.Nuget_Release|x86.ActiveCfg = Release|Any CPU
		{B00DC113-7B3A-46C3-9661-EDA0DE11B882}.Nuget_Release|x86.Build.0 = Release|Any CPU
		{B00DC113-7B3A-46C3-9661-EDA0DE11B882}.Release|Any CPU.ActiveCfg = Release|Any CPU
		{B00DC113-7B3A-46C3-9661-EDA0DE11B882}.Release|Any CPU.Build.0 = Release|Any CPU
		{B00DC113-7B3A-46C3-9661-EDA0DE11B882}.Release|ARM.ActiveCfg = Release|Any CPU
		{B00DC113-7B3A-46C3-9661-EDA0DE11B882}.Release|ARM.Build.0 = Release|Any CPU
		{B00DC113-7B3A-46C3-9661-EDA0DE11B882}.Release|ARM64.ActiveCfg = Release|Any CPU
		{B00DC113-7B3A-46C3-9661-EDA0DE11B882}.Release|ARM64.Build.0 = Release|Any CPU
		{B00DC113-7B3A-46C3-9661-EDA0DE11B882}.Release|x64.ActiveCfg = Release|Any CPU
		{B00DC113-7B3A-46C3-9661-EDA0DE11B882}.Release|x64.Build.0 = Release|Any CPU
		{B00DC113-7B3A-46C3-9661-EDA0DE11B882}.Release|x86.ActiveCfg = Release|Any CPU
		{B00DC113-7B3A-46C3-9661-EDA0DE11B882}.Release|x86.Build.0 = Release|Any CPU
		{3B298253-83AC-4C40-9605-F1A0F220E2A3}.Debug|Any CPU.ActiveCfg = Debug|Any CPU
		{3B298253-83AC-4C40-9605-F1A0F220E2A3}.Debug|Any CPU.Build.0 = Debug|Any CPU
		{3B298253-83AC-4C40-9605-F1A0F220E2A3}.Debug|ARM.ActiveCfg = Debug|Any CPU
		{3B298253-83AC-4C40-9605-F1A0F220E2A3}.Debug|ARM.Build.0 = Debug|Any CPU
		{3B298253-83AC-4C40-9605-F1A0F220E2A3}.Debug|ARM64.ActiveCfg = Debug|Any CPU
		{3B298253-83AC-4C40-9605-F1A0F220E2A3}.Debug|ARM64.Build.0 = Debug|Any CPU
		{3B298253-83AC-4C40-9605-F1A0F220E2A3}.Debug|x64.ActiveCfg = Debug|Any CPU
		{3B298253-83AC-4C40-9605-F1A0F220E2A3}.Debug|x64.Build.0 = Debug|Any CPU
		{3B298253-83AC-4C40-9605-F1A0F220E2A3}.Debug|x86.ActiveCfg = Debug|Any CPU
		{3B298253-83AC-4C40-9605-F1A0F220E2A3}.Debug|x86.Build.0 = Debug|Any CPU
		{3B298253-83AC-4C40-9605-F1A0F220E2A3}.Nuget_Release|Any CPU.ActiveCfg = Release|Any CPU
		{3B298253-83AC-4C40-9605-F1A0F220E2A3}.Nuget_Release|Any CPU.Build.0 = Release|Any CPU
		{3B298253-83AC-4C40-9605-F1A0F220E2A3}.Nuget_Release|ARM.ActiveCfg = Release|Any CPU
		{3B298253-83AC-4C40-9605-F1A0F220E2A3}.Nuget_Release|ARM.Build.0 = Release|Any CPU
		{3B298253-83AC-4C40-9605-F1A0F220E2A3}.Nuget_Release|ARM64.ActiveCfg = Release|Any CPU
		{3B298253-83AC-4C40-9605-F1A0F220E2A3}.Nuget_Release|ARM64.Build.0 = Release|Any CPU
		{3B298253-83AC-4C40-9605-F1A0F220E2A3}.Nuget_Release|x64.ActiveCfg = Release|Any CPU
		{3B298253-83AC-4C40-9605-F1A0F220E2A3}.Nuget_Release|x64.Build.0 = Release|Any CPU
		{3B298253-83AC-4C40-9605-F1A0F220E2A3}.Nuget_Release|x86.ActiveCfg = Release|Any CPU
		{3B298253-83AC-4C40-9605-F1A0F220E2A3}.Nuget_Release|x86.Build.0 = Release|Any CPU
		{3B298253-83AC-4C40-9605-F1A0F220E2A3}.Release|Any CPU.ActiveCfg = Release|Any CPU
		{3B298253-83AC-4C40-9605-F1A0F220E2A3}.Release|Any CPU.Build.0 = Release|Any CPU
		{3B298253-83AC-4C40-9605-F1A0F220E2A3}.Release|ARM.ActiveCfg = Release|Any CPU
		{3B298253-83AC-4C40-9605-F1A0F220E2A3}.Release|ARM.Build.0 = Release|Any CPU
		{3B298253-83AC-4C40-9605-F1A0F220E2A3}.Release|ARM64.ActiveCfg = Release|Any CPU
		{3B298253-83AC-4C40-9605-F1A0F220E2A3}.Release|ARM64.Build.0 = Release|Any CPU
		{3B298253-83AC-4C40-9605-F1A0F220E2A3}.Release|x64.ActiveCfg = Release|Any CPU
		{3B298253-83AC-4C40-9605-F1A0F220E2A3}.Release|x64.Build.0 = Release|Any CPU
		{3B298253-83AC-4C40-9605-F1A0F220E2A3}.Release|x86.ActiveCfg = Release|Any CPU
		{3B298253-83AC-4C40-9605-F1A0F220E2A3}.Release|x86.Build.0 = Release|Any CPU
		{EC14E456-F593-494F-B52C-6E1D532305B7}.Debug|Any CPU.ActiveCfg = Debug|Any CPU
		{EC14E456-F593-494F-B52C-6E1D532305B7}.Debug|Any CPU.Build.0 = Debug|Any CPU
		{EC14E456-F593-494F-B52C-6E1D532305B7}.Debug|ARM.ActiveCfg = Debug|Any CPU
		{EC14E456-F593-494F-B52C-6E1D532305B7}.Debug|ARM.Build.0 = Debug|Any CPU
		{EC14E456-F593-494F-B52C-6E1D532305B7}.Debug|ARM64.ActiveCfg = Debug|Any CPU
		{EC14E456-F593-494F-B52C-6E1D532305B7}.Debug|ARM64.Build.0 = Debug|Any CPU
		{EC14E456-F593-494F-B52C-6E1D532305B7}.Debug|x64.ActiveCfg = Debug|Any CPU
		{EC14E456-F593-494F-B52C-6E1D532305B7}.Debug|x64.Build.0 = Debug|Any CPU
		{EC14E456-F593-494F-B52C-6E1D532305B7}.Debug|x86.ActiveCfg = Debug|Any CPU
		{EC14E456-F593-494F-B52C-6E1D532305B7}.Debug|x86.Build.0 = Debug|Any CPU
		{EC14E456-F593-494F-B52C-6E1D532305B7}.Nuget_Release|Any CPU.ActiveCfg = Release|Any CPU
		{EC14E456-F593-494F-B52C-6E1D532305B7}.Nuget_Release|Any CPU.Build.0 = Release|Any CPU
		{EC14E456-F593-494F-B52C-6E1D532305B7}.Nuget_Release|ARM.ActiveCfg = Release|Any CPU
		{EC14E456-F593-494F-B52C-6E1D532305B7}.Nuget_Release|ARM.Build.0 = Release|Any CPU
		{EC14E456-F593-494F-B52C-6E1D532305B7}.Nuget_Release|ARM64.ActiveCfg = Release|Any CPU
		{EC14E456-F593-494F-B52C-6E1D532305B7}.Nuget_Release|ARM64.Build.0 = Release|Any CPU
		{EC14E456-F593-494F-B52C-6E1D532305B7}.Nuget_Release|x64.ActiveCfg = Release|Any CPU
		{EC14E456-F593-494F-B52C-6E1D532305B7}.Nuget_Release|x64.Build.0 = Release|Any CPU
		{EC14E456-F593-494F-B52C-6E1D532305B7}.Nuget_Release|x86.ActiveCfg = Release|Any CPU
		{EC14E456-F593-494F-B52C-6E1D532305B7}.Nuget_Release|x86.Build.0 = Release|Any CPU
		{EC14E456-F593-494F-B52C-6E1D532305B7}.Release|Any CPU.ActiveCfg = Release|Any CPU
		{EC14E456-F593-494F-B52C-6E1D532305B7}.Release|Any CPU.Build.0 = Release|Any CPU
		{EC14E456-F593-494F-B52C-6E1D532305B7}.Release|ARM.ActiveCfg = Release|Any CPU
		{EC14E456-F593-494F-B52C-6E1D532305B7}.Release|ARM.Build.0 = Release|Any CPU
		{EC14E456-F593-494F-B52C-6E1D532305B7}.Release|ARM64.ActiveCfg = Release|Any CPU
		{EC14E456-F593-494F-B52C-6E1D532305B7}.Release|ARM64.Build.0 = Release|Any CPU
		{EC14E456-F593-494F-B52C-6E1D532305B7}.Release|x64.ActiveCfg = Release|Any CPU
		{EC14E456-F593-494F-B52C-6E1D532305B7}.Release|x64.Build.0 = Release|Any CPU
		{EC14E456-F593-494F-B52C-6E1D532305B7}.Release|x86.ActiveCfg = Release|Any CPU
		{EC14E456-F593-494F-B52C-6E1D532305B7}.Release|x86.Build.0 = Release|Any CPU
		{5FE8E579-7418-4000-9776-B85BFBC728B5}.Debug|Any CPU.ActiveCfg = Debug|Any CPU
		{5FE8E579-7418-4000-9776-B85BFBC728B5}.Debug|Any CPU.Build.0 = Debug|Any CPU
		{5FE8E579-7418-4000-9776-B85BFBC728B5}.Debug|ARM.ActiveCfg = Debug|Any CPU
		{5FE8E579-7418-4000-9776-B85BFBC728B5}.Debug|ARM.Build.0 = Debug|Any CPU
		{5FE8E579-7418-4000-9776-B85BFBC728B5}.Debug|ARM64.ActiveCfg = Debug|Any CPU
		{5FE8E579-7418-4000-9776-B85BFBC728B5}.Debug|ARM64.Build.0 = Debug|Any CPU
		{5FE8E579-7418-4000-9776-B85BFBC728B5}.Debug|x64.ActiveCfg = Debug|Any CPU
		{5FE8E579-7418-4000-9776-B85BFBC728B5}.Debug|x64.Build.0 = Debug|Any CPU
		{5FE8E579-7418-4000-9776-B85BFBC728B5}.Debug|x86.ActiveCfg = Debug|Any CPU
		{5FE8E579-7418-4000-9776-B85BFBC728B5}.Debug|x86.Build.0 = Debug|Any CPU
		{5FE8E579-7418-4000-9776-B85BFBC728B5}.Nuget_Release|Any CPU.ActiveCfg = Release|Any CPU
		{5FE8E579-7418-4000-9776-B85BFBC728B5}.Nuget_Release|Any CPU.Build.0 = Release|Any CPU
		{5FE8E579-7418-4000-9776-B85BFBC728B5}.Nuget_Release|ARM.ActiveCfg = Release|Any CPU
		{5FE8E579-7418-4000-9776-B85BFBC728B5}.Nuget_Release|ARM.Build.0 = Release|Any CPU
		{5FE8E579-7418-4000-9776-B85BFBC728B5}.Nuget_Release|ARM64.ActiveCfg = Release|Any CPU
		{5FE8E579-7418-4000-9776-B85BFBC728B5}.Nuget_Release|ARM64.Build.0 = Release|Any CPU
		{5FE8E579-7418-4000-9776-B85BFBC728B5}.Nuget_Release|x64.ActiveCfg = Release|Any CPU
		{5FE8E579-7418-4000-9776-B85BFBC728B5}.Nuget_Release|x64.Build.0 = Release|Any CPU
		{5FE8E579-7418-4000-9776-B85BFBC728B5}.Nuget_Release|x86.ActiveCfg = Release|Any CPU
		{5FE8E579-7418-4000-9776-B85BFBC728B5}.Nuget_Release|x86.Build.0 = Release|Any CPU
		{5FE8E579-7418-4000-9776-B85BFBC728B5}.Release|Any CPU.ActiveCfg = Release|Any CPU
		{5FE8E579-7418-4000-9776-B85BFBC728B5}.Release|Any CPU.Build.0 = Release|Any CPU
		{5FE8E579-7418-4000-9776-B85BFBC728B5}.Release|ARM.ActiveCfg = Release|Any CPU
		{5FE8E579-7418-4000-9776-B85BFBC728B5}.Release|ARM.Build.0 = Release|Any CPU
		{5FE8E579-7418-4000-9776-B85BFBC728B5}.Release|ARM64.ActiveCfg = Release|Any CPU
		{5FE8E579-7418-4000-9776-B85BFBC728B5}.Release|ARM64.Build.0 = Release|Any CPU
		{5FE8E579-7418-4000-9776-B85BFBC728B5}.Release|x64.ActiveCfg = Release|Any CPU
		{5FE8E579-7418-4000-9776-B85BFBC728B5}.Release|x64.Build.0 = Release|Any CPU
		{5FE8E579-7418-4000-9776-B85BFBC728B5}.Release|x86.ActiveCfg = Release|Any CPU
		{5FE8E579-7418-4000-9776-B85BFBC728B5}.Release|x86.Build.0 = Release|Any CPU
	EndGlobalSection
	GlobalSection(SolutionProperties) = preSolution
		HideSolutionNode = FALSE
	EndGlobalSection
	GlobalSection(ExtensibilityGlobals) = postSolution
		SolutionGuid = {53696CFA-811E-417B-A674-2C9CF81FD2BA}
	EndGlobalSection
EndGlobal
